
Microsoft Visual Studio Solution File, Format Version 12.00
# Visual Studio Version 17
VisualStudioVersion = 17.3.32825.248
MinimumVisualStudioVersion = 10.0.40219.1
Project("{9A19103F-16F7-4668-BE54-9A1E7A4F7556}") = "DentalPayment", "Assignment2\DentalPayment.csproj", "{EEE24BA6-DC85-46EC-8368-CB566584B13E}"
EndProject
Project("{9A19103F-16F7-4668-BE54-9A1E7A4F7556}") = "SercurityPanel", "SercurityPanel\SercurityPanel.csproj", "{F6FD2030-2FC0-49BE-8664-4EE06187B5A0}"
EndProject
Project("{9A19103F-16F7-4668-BE54-9A1E7A4F7556}") = "StartupForm", "StartupForm\StartupForm.csproj", "{5F6188EB-86B4-43DE-BFF5-DBCEB4B9BF72}"
EndProject
Project("{9A19103F-16F7-4668-BE54-9A1E7A4F7556}") = "Ex5_DictionaryADO", "Excercise4\Ex5_DictionaryADO.csproj", "{D546AE4E-B945-476E-B94C-8DCB69BDA6EE}"
EndProject
Project("{9A19103F-16F7-4668-BE54-9A1E7A4F7556}") = "Dictionary_EF", "Dictionary_EF\Dictionary_EF.csproj", "{813FC529-ED2F-4444-A204-54716EA8B68B}"
EndProject
Global
	GlobalSection(SolutionConfigurationPlatforms) = preSolution
		Debug|Any CPU = Debug|Any CPU
		Release|Any CPU = Release|Any CPU
	EndGlobalSection
	GlobalSection(ProjectConfigurationPlatforms) = postSolution
		{EEE24BA6-DC85-46EC-8368-CB566584B13E}.Debug|Any CPU.ActiveCfg = Debug|Any CPU
		{EEE24BA6-DC85-46EC-8368-CB566584B13E}.Debug|Any CPU.Build.0 = Debug|Any CPU
		{EEE24BA6-DC85-46EC-8368-CB566584B13E}.Release|Any CPU.ActiveCfg = Release|Any CPU
		{EEE24BA6-DC85-46EC-8368-CB566584B13E}.Release|Any CPU.Build.0 = Release|Any CPU
		{F6FD2030-2FC0-49BE-8664-4EE06187B5A0}.Debug|Any CPU.ActiveCfg = Debug|Any CPU
		{F6FD2030-2FC0-49BE-8664-4EE06187B5A0}.Debug|Any CPU.Build.0 = Debug|Any CPU
		{F6FD2030-2FC0-49BE-8664-4EE06187B5A0}.Release|Any CPU.ActiveCfg = Release|Any CPU
		{F6FD2030-2FC0-49BE-8664-4EE06187B5A0}.Release|Any CPU.Build.0 = Release|Any CPU
		{5F6188EB-86B4-43DE-BFF5-DBCEB4B9BF72}.Debug|Any CPU.ActiveCfg = Debug|Any CPU
		{5F6188EB-86B4-43DE-BFF5-DBCEB4B9BF72}.Debug|Any CPU.Build.0 = Debug|Any CPU
		{5F6188EB-86B4-43DE-BFF5-DBCEB4B9BF72}.Release|Any CPU.ActiveCfg = Release|Any CPU
		{5F6188EB-86B4-43DE-BFF5-DBCEB4B9BF72}.Release|Any CPU.Build.0 = Release|Any CPU
		{D546AE4E-B945-476E-B94C-8DCB69BDA6EE}.Debug|Any CPU.ActiveCfg = Debug|Any CPU
		{D546AE4E-B945-476E-B94C-8DCB69BDA6EE}.Debug|Any CPU.Build.0 = Debug|Any CPU
		{D546AE4E-B945-476E-B94C-8DCB69BDA6EE}.Release|Any CPU.ActiveCfg = Release|Any CPU
		{D546AE4E-B945-476E-B94C-8DCB69BDA6EE}.Release|Any CPU.Build.0 = Release|Any CPU
		{813FC529-ED2F-4444-A204-54716EA8B68B}.Debug|Any CPU.ActiveCfg = Debug|Any CPU
		{813FC529-ED2F-4444-A204-54716EA8B68B}.Debug|Any CPU.Build.0 = Debug|Any CPU
		{813FC529-ED2F-4444-A204-54716EA8B68B}.Release|Any CPU.ActiveCfg = Release|Any CPU
		{813FC529-ED2F-4444-A204-54716EA8B68B}.Release|Any CPU.Build.0 = Release|Any CPU
	EndGlobalSection
	GlobalSection(SolutionProperties) = preSolution
		HideSolutionNode = FALSE
	EndGlobalSection
	GlobalSection(ExtensibilityGlobals) = postSolution
		SolutionGuid = {9E07A900-B560-4766-AF81-7D377C638E49}
	EndGlobalSection
EndGlobal
